
Microsoft Visual Studio Solution File, Format Version 12.00
# Visual Studio Version 16
VisualStudioVersion = 16.0.30225.117
MinimumVisualStudioVersion = 10.0.40219.1
Project("{FAE04EC0-301F-11D3-BF4B-00C04F79EFBC}") = "Irobotvsdinosaur", "Irobotvsdinosaur\Irobotvsdinosaur.csproj", "{C759481C-99EF-4954-ACD7-DCE41F85DCA7}"
EndProject
Global
	GlobalSection(SolutionConfigurationPlatforms) = preSolution
		Debug|Any CPU = Debug|Any CPU
		Release|Any CPU = Release|Any CPU
	EndGlobalSection
	GlobalSection(ProjectConfigurationPlatforms) = postSolution
		{C759481C-99EF-4954-ACD7-DCE41F85DCA7}.Debug|Any CPU.ActiveCfg = Debug|Any CPU
		{C759481C-99EF-4954-ACD7-DCE41F85DCA7}.Debug|Any CPU.Build.0 = Debug|Any CPU
		{C759481C-99EF-4954-ACD7-DCE41F85DCA7}.Release|Any CPU.ActiveCfg = Release|Any CPU
		{C759481C-99EF-4954-ACD7-DCE41F85DCA7}.Release|Any CPU.Build.0 = Release|Any CPU
	EndGlobalSection
	GlobalSection(SolutionProperties) = preSolution
		HideSolutionNode = FALSE
	EndGlobalSection
	GlobalSection(ExtensibilityGlobals) = postSolution
		SolutionGuid = {5C782A2B-5034-4ADC-BF94-C1B1F357828D}
	EndGlobalSection
EndGlobal
